# @generated by Move, please check-in and do not edit manually.

[move]
version = 3
manifest_digest = "A69277ED7C32822146EFD8F7ECD3B9437C17683CA03966FC8AC0F97536BF8469"
deps_digest = "F8BBB0CCB2491CA29A3DF03D6F92277A4F3574266507ACD77214D37ECA3F3082"
dependencies = [
  { id = "Sui", name = "Sui" },
]

[[move.package]]
id = "MoveStdlib"
source = { git = "https://github.com/MystenLabs/sui.git", rev = "framework/testnet", subdir = "crates/sui-framework/packages/move-stdlib" }

[[move.package]]
id = "Sui"
source = { git = "https://github.com/MystenLabs/sui.git", rev = "framework/testnet", subdir = "crates/sui-framework/packages/sui-framework" }

dependencies = [
  { id = "MoveStdlib", name = "MoveStdlib" },
]

[move.toolchain-version]
compiler-version = "1.47.0"
edition = "2024.alpha"
flavor = "sui"

[env]

[env.testnet]
chain-id = "4c78adac"
original-published-id = "0x03814b1f5bd05a7a9f26deaad25c2a0fd6c5fc2c7e3a03f09a92c511fccfa730"
latest-published-id = "0x03814b1f5bd05a7a9f26deaad25c2a0fd6c5fc2c7e3a03f09a92c511fccfa730"
published-version = "1"

[env.mainnet]
chain-id = "35834a8a"
original-published-id = "0xa2983a6993469f1823b75be5ef1868afa4d093d5bd84583112aa848230e9fe9d"
latest-published-id = "0xa2983a6993469f1823b75be5ef1868afa4d093d5bd84583112aa848230e9fe9d"
published-version = "1"
